// !$*UTF8*$!
{
	archiveVersion = 1;
	classes = {
	};
	objectVersion = 46;
	objects = {

/* Begin PBXBuildFile section */
		343AB91C1EA31A940070AEA3 /* AppDelegate.swift in Sources */ = {isa = PBXBuildFile; fileRef = 343AB91B1EA31A940070AEA3 /* AppDelegate.swift */; };
		343AB91E1EA31A940070AEA3 /* ViewController.swift in Sources */ = {isa = PBXBuildFile; fileRef = 343AB91D1EA31A940070AEA3 /* ViewController.swift */; };
		343AB9211EA31A940070AEA3 /* Main.storyboard in Resources */ = {isa = PBXBuildFile; fileRef = 343AB91F1EA31A940070AEA3 /* Main.storyboard */; };
		343AB9231EA31A940070AEA3 /* Assets.xcassets in Resources */ = {isa = PBXBuildFile; fileRef = 343AB9221EA31A940070AEA3 /* Assets.xcassets */; };
		343AB9261EA31A940070AEA3 /* LaunchScreen.storyboard in Resources */ = {isa = PBXBuildFile; fileRef = 343AB9241EA31A940070AEA3 /* LaunchScreen.storyboard */; };
		34418E971EA47301001E16D5 /* ItemTableViewCell.swift in Sources */ = {isa = PBXBuildFile; fileRef = 34418E961EA47301001E16D5 /* ItemTableViewCell.swift */; };
		34B25C4E1EA47428002CFE91 /* Item.swift in Sources */ = {isa = PBXBuildFile; fileRef = 34B25C4D1EA47428002CFE91 /* Item.swift */; };
/* End PBXBuildFile section */

/* Begin PBXFileReference section */
		343AB9181EA31A940070AEA3 /* PracticeTableView.app */ = {isa = PBXFileReference; explicitFileType = wrapper.application; includeInIndex = 0; path = PracticeTableView.app; sourceTree = BUILT_PRODUCTS_DIR; };
		343AB91B1EA31A940070AEA3 /* AppDelegate.swift */ = {isa = PBXFileReference; lastKnownFileType = sourcecode.swift; path = AppDelegate.swift; sourceTree = "<group>"; };
		343AB91D1EA31A940070AEA3 /* ViewController.swift */ = {isa = PBXFileReference; lastKnownFileType = sourcecode.swift; path = ViewController.swift; sourceTree = "<group>"; };
		343AB9201EA31A940070AEA3 /* Base */ = {isa = PBXFileReference; lastKnownFileType = file.storyboard; name = Base; path = Base.lproj/Main.storyboard; sourceTree = "<group>"; };
		343AB9221EA31A940070AEA3 /* Assets.xcassets */ = {isa = PBXFileReference; lastKnownFileType = folder.assetcatalog; path = Assets.xcassets; sourceTree = "<group>"; };
		343AB9251EA31A940070AEA3 /* Base */ = {isa = PBXFileReference; lastKnownFileType = file.storyboard; name = Base; path = Base.lproj/LaunchScreen.storyboard; sourceTree = "<group>"; };
		343AB9271EA31A940070AEA3 /* Info.plist */ = {isa = PBXFileReference; lastKnownFileType = text.plist.xml; path = Info.plist; sourceTree = "<group>"; };
		34418E961EA47301001E16D5 /* ItemTableViewCell.swift */ = {isa = PBXFileReference; fileEncoding = 4; lastKnownFileType = sourcecode.swift; path = ItemTableViewCell.swift; sourceTree = "<group>"; };
		34B25C4D1EA47428002CFE91 /* Item.swift */ = {isa = PBXFileReference; fileEncoding = 4; lastKnownFileType = sourcecode.swift; path = Item.swift; sourceTree = "<group>"; };
/* End PBXFileReference section */

/* Begin PBXFrameworksBuildPhase section */
		343AB9151EA31A940070AEA3 /* Frameworks */ = {
			isa = PBXFrameworksBuildPhase;
			buildActionMask = 2147483647;
			files = (
			);
			runOnlyForDeploymentPostprocessing = 0;
		};
/* End PBXFrameworksBuildPhase section */

/* Begin PBXGroup section */
		343AB90F1EA31A940070AEA3 = {
			isa = PBXGroup;
			children = (
				343AB91A1EA31A940070AEA3 /* PracticeTableView */,
				343AB9191EA31A940070AEA3 /* Products */,
			);
			sourceTree = "<group>";
		};
		343AB9191EA31A940070AEA3 /* Products */ = {
			isa = PBXGroup;
			children = (
				343AB9181EA31A940070AEA3 /* PracticeTableView.app */,
			);
			name = Products;
			sourceTree = "<group>";
		};
		343AB91A1EA31A940070AEA3 /* PracticeTableView */ = {
			isa = PBXGroup;
			children = (
				343AB91B1EA31A940070AEA3 /* AppDelegate.swift */,
				343AB91D1EA31A940070AEA3 /* ViewController.swift */,
				343AB91F1EA31A940070AEA3 /* Main.storyboard */,
				34B25C4D1EA47428002CFE91 /* Item.swift */,
				34418E961EA47301001E16D5 /* ItemTableViewCell.swift */,
				343AB9221EA31A940070AEA3 /* Assets.xcassets */,
				343AB9241EA31A940070AEA3 /* LaunchScreen.storyboard */,
				343AB9271EA31A940070AEA3 /* Info.plist */,
			);
			path = PracticeTableView;
			sourceTree = "<group>";
		};
/* End PBXGroup section */

/* Begin PBXNativeTarget section */
		343AB9171EA31A940070AEA3 /* PracticeTableView */ = {
			isa = PBXNativeTarget;
			buildConfigurationList = 343AB92A1EA31A940070AEA3 /* Build configuration list for PBXNativeTarget "PracticeTableView" */;
			buildPhases = (
				343AB9141EA31A940070AEA3 /* Sources */,
				343AB9151EA31A940070AEA3 /* Frameworks */,
				343AB9161EA31A940070AEA3 /* Resources */,
			);
			buildRules = (
			);
			dependencies = (
			);
			name = PracticeTableView;
			productName = PracticeTableView;
			productReference = 343AB9181EA31A940070AEA3 /* PracticeTableView.app */;
			productType = "com.apple.product-type.application";
		};
/* End PBXNativeTarget section */

/* Begin PBXProject section */
		343AB9101EA31A940070AEA3 /* Project object */ = {
			isa = PBXProject;
			attributes = {
				LastSwiftUpdateCheck = 0830;
				LastUpgradeCheck = 0830;
				ORGANIZATIONNAME = Codium;
				TargetAttributes = {
					343AB9171EA31A940070AEA3 = {
						CreatedOnToolsVersion = 8.3.1;
						ProvisioningStyle = Automatic;
					};
				};
			};
			buildConfigurationList = 343AB9131EA31A940070AEA3 /* Build configuration list for PBXProject "PracticeTableView" */;
			compatibilityVersion = "Xcode 3.2";
			developmentRegion = English;
			hasScannedForEncodings = 0;
			knownRegions = (
				en,
				Base,
			);
			mainGroup = 343AB90F1EA31A940070AEA3;
			productRefGroup = 343AB9191EA31A940070AEA3 /* Products */;
			projectDirPath = "";
			projectRoot = "";
			targets = (
				343AB9171EA31A940070AEA3 /* PracticeTableView */,
			);
		};
/* End PBXProject section */

/* Begin PBXResourcesBuildPhase section */
		343AB9161EA31A940070AEA3 /* Resources */ = {
			isa = PBXResourcesBuildPhase;
			buildActionMask = 2147483647;
			files = (
				343AB9261EA31A940070AEA3 /* LaunchScreen.storyboard in Resources */,
				343AB9231EA31A940070AEA3 /* Assets.xcassets in Resources */,
				343AB9211EA31A940070AEA3 /* Main.storyboard in Resources */,
			);
			runOnlyForDeploymentPostprocessing = 0;
		};
/* End PBXResourcesBuildPhase section */

/* Begin PBXSourcesBuildPhase section */
		343AB9141EA31A940070AEA3 /* Sources */ = {
			isa = PBXSourcesBuildPhase;
			buildActionMask = 2147483647;
			files = (
				34B25C4E1EA47428002CFE91 /* Item.swift in Sources */,
				343AB91E1EA31A940070AEA3 /* ViewController.swift in Sources */,
				34418E971EA47301001E16D5 /* ItemTableViewCell.swift in Sources */,
				343AB91C1EA31A940070AEA3 /* AppDelegate.swift in Sources */,
			);
			runOnlyForDeploymentPostprocessing = 0;
		};
/* End PBXSourcesBuildPhase section */

/* Begin PBXVariantGroup section */
		343AB91F1EA31A940070AEA3 /* Main.storyboard */ = {
			isa = PBXVariantGroup;
			children = (
				343AB9201EA31A940070AEA3 /* Base */,
			);
			name = Main.storyboard;
			sourceTree = "<group>";
		};
		343AB9241EA31A940070AEA3 /* LaunchScreen.storyboard */ = {
			isa = PBXVariantGroup;
			children = (
				343AB9251EA31A940070AEA3 /* Base */,
			);
			name = LaunchScreen.storyboard;
			sourceTree = "<group>";
		};
/* End PBXVariantGroup section */

/* Begin XCBuildConfiguration section */
		343AB9281EA31A940070AEA3 /* Debug */ = {
			isa = XCBuildConfiguration;
			buildSettings = {
				ALWAYS_SEARCH_USER_PATHS = NO;
				CLANG_ANALYZER_NONNULL = YES;
				CLANG_ANALYZER_NUMBER_OBJECT_CONVERSION = YES_AGGRESSIVE;
				CLANG_CXX_LANGUAGE_STANDARD = "gnu++0x";
				CLANG_CXX_LIBRARY = "libc++";
				CLANG_ENABLE_MODULES = YES;
				CLANG_ENABLE_OBJC_ARC = YES;
				CLANG_WARN_BOOL_CONVERSION = YES;
				CLANG_WARN_CONSTANT_CONVERSION = YES;
				CLANG_WARN_DIRECT_OBJC_ISA_USAGE = YES_ERROR;
				CLANG_WARN_DOCUMENTATION_COMMENTS = YES;
				CLANG_WARN_EMPTY_BODY = YES;
				CLANG_WARN_ENUM_CONVERSION = YES;
				CLANG_WARN_INFINITE_RECURSION = YES;
				CLANG_WARN_INT_CONVERSION = YES;
				CLANG_WARN_OBJC_ROOT_CLASS = YES_ERROR;
				CLANG_WARN_SUSPICIOUS_MOVE = YES;
				CLANG_WARN_UNREACHABLE_CODE = YES;
				CLANG_WARN__DUPLICATE_METHOD_MATCH = YES;
				"CODE_SIGN_IDENTITY[sdk=iphoneos*]" = "iPhone Developer";
				COPY_PHASE_STRIP = NO;
				DEBUG_INFORMATION_FORMAT = dwarf;
				ENABLE_STRICT_OBJC_MSGSEND = YES;
				ENABLE_TESTABILITY = YES;
				GCC_C_LANGUAGE_STANDARD = gnu99;
				GCC_DYNAMIC_NO_PIC = NO;
				GCC_NO_COMMON_BLOCKS = YES;
				GCC_OPTIMIZATION_LEVEL = 0;
				GCC_PREPROCESSOR_DEFINITIONS = (
					"DEBUG=1",
					"$(inherited)",
				);
				GCC_WARN_64_TO_32_BIT_CONVERSION = YES;
				GCC_WARN_ABOUT_RETURN_TYPE = YES_ERROR;
				GCC_WARN_UNDECLARED_SELECTOR = YES;
				GCC_WARN_UNINITIALIZED_AUTOS = YES_AGGRESSIVE;
				GCC_WARN_UNUSED_FUNCTION = YES;
				GCC_WARN_UNUSED_VARIABLE = YES;
				IPHONEOS_DEPLOYMENT_TARGET = 10.3;
				MTL_ENABLE_DEBUG_INFO = YES;
				ONLY_ACTIVE_ARCH = YES;
				SDKROOT = iphoneos;
				SWIFT_ACTIVE_COMPILATION_CONDITIONS = DEBUG;
				SWIFT_OPTIMIZATION_LEVEL = "-Onone";
			};
			name = Debug;
		};
		343AB9291EA31A940070AEA3 /* Release */ = {
			isa = XCBuildConfiguration;
			buildSettings = {
				ALWAYS_SEARCH_USER_PATHS = NO;
				CLANG_ANALYZER_NONNULL = YES;
				CLANG_ANALYZER_NUMBER_OBJECT_CONVERSION = YES_AGGRESSIVE;
				CLANG_CXX_LANGUAGE_STANDARD = "gnu++0x";
				CLANG_CXX_LIBRARY = "libc++";
				CLANG_ENABLE_MODULES = YES;
				CLANG_ENABLE_OBJC_ARC = YES;
				CLANG_WARN_BOOL_CONVERSION = YES;
				CLANG_WARN_CONSTANT_CONVERSION = YES;
				CLANG_WARN_DIRECT_OBJC_ISA_USAGE = YES_ERROR;
				CLANG_WARN_DOCUMENTATION_COMMENTS = YES;
				CLANG_WARN_EMPTY_BODY = YES;
				CLANG_WARN_ENUM_CONVERSION = YES;
				CLANG_WARN_INFINITE_RECURSION = YES;
				CLANG_WARN_INT_CONVERSION = YES;
				CLANG_WARN_OBJC_ROOT_CLASS = YES_ERROR;
				CLANG_WARN_SUSPICIOUS_MOVE = YES;
				CLANG_WARN_UNREACHABLE_CODE = YES;
				CLANG_WARN__DUPLICATE_METHOD_MATCH = YES;
				"CODE_SIGN_IDENTITY[sdk=iphoneos*]" = "iPhone Developer";
				COPY_PHASE_STRIP = NO;
				DEBUG_INFORMATION_FORMAT = "dwarf-with-dsym";
				ENABLE_NS_ASSERTIONS = NO;
				ENABLE_STRICT_OBJC_MSGSEND = YES;
				GCC_C_LANGUAGE_STANDARD = gnu99;
				GCC_NO_COMMON_BLOCKS = YES;
				GCC_WARN_64_TO_32_BIT_CONVERSION = YES;
				GCC_WARN_ABOUT_RETURN_TYPE = YES_ERROR;
				GCC_WARN_UNDECLARED_SELECTOR = YES;
				GCC_WARN_UNINITIALIZED_AUTOS = YES_AGGRESSIVE;
				GCC_WARN_UNUSED_FUNCTION = YES;
				GCC_WARN_UNUSED_VARIABLE = YES;
				IPHONEOS_DEPLOYMENT_TARGET = 10.3;
				MTL_ENABLE_DEBUG_INFO = NO;
				SDKROOT = iphoneos;
				SWIFT_OPTIMIZATION_LEVEL = "-Owholemodule";
				VALIDATE_PRODUCT = YES;
			};
			name = Release;
		};
		343AB92B1EA31A940070AEA3 /* Debug */ = {
			isa = XCBuildConfiguration;
			buildSettings = {
				ASSETCATALOG_COMPILER_APPICON_NAME = AppIcon;
				INFOPLIST_FILE = PracticeTableView/Info.plist;
				LD_RUNPATH_SEARCH_PATHS = "$(inherited) @executable_path/Frameworks";
				PRODUCT_BUNDLE_IDENTIFIER = codium.co.PracticeTableView;
				PRODUCT_NAME = "$(TARGET_NAME)";
				SWIFT_VERSION = 3.0;
			};
			name = Debug;
		};
		343AB92C1EA31A940070AEA3 /* Release */ = {
			isa = XCBuildConfiguration;
			buildSettings = {
				ASSETCATALOG_COMPILER_APPICON_NAME = AppIcon;
				INFOPLIST_FILE = PracticeTableView/Info.plist;
				LD_RUNPATH_SEARCH_PATHS = "$(inherited) @executable_path/Frameworks";
				PRODUCT_BUNDLE_IDENTIFIER = codium.co.PracticeTableView;
				PRODUCT_NAME = "$(TARGET_NAME)";
				SWIFT_VERSION = 3.0;
			};
			name = Release;
		};
/* End XCBuildConfiguration section */

/* Begin XCConfigurationList section */
		343AB9131EA31A940070AEA3 /* Build configuration list for PBXProject "PracticeTableView" */ = {
			isa = XCConfigurationList;
			buildConfigurations = (
				343AB9281EA31A940070AEA3 /* Debug */,
				343AB9291EA31A940070AEA3 /* Release */,
			);
			defaultConfigurationIsVisible = 0;
			defaultConfigurationName = Release;
		};
		343AB92A1EA31A940070AEA3 /* Build configuration list for PBXNativeTarget "PracticeTableView" */ = {
			isa = XCConfigurationList;
			buildConfigurations = (
				343AB92B1EA31A940070AEA3 /* Debug */,
				343AB92C1EA31A940070AEA3 /* Release */,
			);
			defaultConfigurationIsVisible = 0;
			defaultConfigurationName = Release;
		};
/* End XCConfigurationList section */
	};
	rootObject = 343AB9101EA31A940070AEA3 /* Project object */;
}
